// !$*UTF8*$!
{
	archiveVersion = 1;
	classes = {
	};
	objectVersion = 48;
	objects = {

/* Begin PBXBuildFile section */
		EC09867A1F99955B00026B71 /* AppDelegate.m in Sources */ = {isa = PBXBuildFile; fileRef = EC0986791F99955B00026B71 /* AppDelegate.m */; };
		EC09867D1F99955B00026B71 /* ViewController.m in Sources */ = {isa = PBXBuildFile; fileRef = EC09867C1F99955B00026B71 /* ViewController.m */; };
		EC0986801F99955B00026B71 /* Main.storyboard in Resources */ = {isa = PBXBuildFile; fileRef = EC09867E1F99955B00026B71 /* Main.storyboard */; };
		EC0986821F99955B00026B71 /* Assets.xcassets in Resources */ = {isa = PBXBuildFile; fileRef = EC0986811F99955B00026B71 /* Assets.xcassets */; };
		EC0986851F99955B00026B71 /* LaunchScreen.storyboard in Resources */ = {isa = PBXBuildFile; fileRef = EC0986831F99955B00026B71 /* LaunchScreen.storyboard */; };
		EC0986881F99955B00026B71 /* main.m in Sources */ = {isa = PBXBuildFile; fileRef = EC0986871F99955B00026B71 /* main.m */; };
		EC0986901F99959E00026B71 /* LJLabel.m in Sources */ = {isa = PBXBuildFile; fileRef = EC09868F1F99959E00026B71 /* LJLabel.m */; };
		EC0986931F99C22F00026B71 /* NSString+Extension.m in Sources */ = {isa = PBXBuildFile; fileRef = EC0986921F99C22F00026B71 /* NSString+Extension.m */; };
		ECC93CCC1F99E91B00AFEF36 /* orthogon_1701.png in Resources */ = {isa = PBXBuildFile; fileRef = ECC93CCB1F99E7E800AFEF36 /* orthogon_1701.png */; };
		ECC93CCD1F99E92200AFEF36 /* MKAnnotationView+WebCache.m in Sources */ = {isa = PBXBuildFile; fileRef = ECC93C9B1F99E6B700AFEF36 /* MKAnnotationView+WebCache.m */; };
		ECC93CCF1F99E92D00AFEF36 /* NSData+ImageContentType.m in Sources */ = {isa = PBXBuildFile; fileRef = ECC93C9D1F99E6B700AFEF36 /* NSData+ImageContentType.m */; };
		ECC93CD01F99E93100AFEF36 /* NSImage+WebCache.m in Sources */ = {isa = PBXBuildFile; fileRef = ECC93C9F1F99E6B700AFEF36 /* NSImage+WebCache.m */; };
		ECC93CD11F99E93400AFEF36 /* SDImageCache.m in Sources */ = {isa = PBXBuildFile; fileRef = ECC93CA11F99E6B700AFEF36 /* SDImageCache.m */; };
		ECC93CD21F99E93700AFEF36 /* SDImageCacheConfig.m in Sources */ = {isa = PBXBuildFile; fileRef = ECC93CA31F99E6B700AFEF36 /* SDImageCacheConfig.m */; };
		ECC93CD31F99E93A00AFEF36 /* SDWebImageCoder.m in Sources */ = {isa = PBXBuildFile; fileRef = ECC93CA51F99E6B700AFEF36 /* SDWebImageCoder.m */; };
		ECC93CD41F99E94100AFEF36 /* SDWebImageCodersManager.m in Sources */ = {isa = PBXBuildFile; fileRef = ECC93CA71F99E6B700AFEF36 /* SDWebImageCodersManager.m */; };
		ECC93CD51F99E94300AFEF36 /* SDWebImageCompat.m in Sources */ = {isa = PBXBuildFile; fileRef = ECC93CA91F99E6B700AFEF36 /* SDWebImageCompat.m */; };
		ECC93CD61F99E94600AFEF36 /* SDWebImageDownloader.m in Sources */ = {isa = PBXBuildFile; fileRef = ECC93CAB1F99E6B700AFEF36 /* SDWebImageDownloader.m */; };
		ECC93CD71F99E94900AFEF36 /* SDWebImageDownloaderOperation.m in Sources */ = {isa = PBXBuildFile; fileRef = ECC93CAD1F99E6B700AFEF36 /* SDWebImageDownloaderOperation.m */; };
		ECC93CD81F99E94C00AFEF36 /* SDWebImageGIFCoder.m in Sources */ = {isa = PBXBuildFile; fileRef = ECC93CAF1F99E6B700AFEF36 /* SDWebImageGIFCoder.m */; };
		ECC93CD91F99E94F00AFEF36 /* SDWebImageImageIOCoder.m in Sources */ = {isa = PBXBuildFile; fileRef = ECC93CB11F99E6B700AFEF36 /* SDWebImageImageIOCoder.m */; };
		ECC93CDA1F99E95200AFEF36 /* SDWebImageManager.m in Sources */ = {isa = PBXBuildFile; fileRef = ECC93CB31F99E6B700AFEF36 /* SDWebImageManager.m */; };
		ECC93CDB1F99E95E00AFEF36 /* SDWebImagePrefetcher.m in Sources */ = {isa = PBXBuildFile; fileRef = ECC93CB61F99E6B700AFEF36 /* SDWebImagePrefetcher.m */; };
		ECC93CDC1F99E96000AFEF36 /* SDWebImageWebPCoder.m in Sources */ = {isa = PBXBuildFile; fileRef = ECC93CB81F99E6B700AFEF36 /* SDWebImageWebPCoder.m */; };
		ECC93CDD1F99E96400AFEF36 /* UIButton+WebCache.m in Sources */ = {isa = PBXBuildFile; fileRef = ECC93CBA1F99E6B700AFEF36 /* UIButton+WebCache.m */; };
		ECC93CDE1F99E96700AFEF36 /* UIImage+ForceDecode.m in Sources */ = {isa = PBXBuildFile; fileRef = ECC93CBC1F99E6B700AFEF36 /* UIImage+ForceDecode.m */; };
		ECC93CDF1F99E96A00AFEF36 /* UIImage+GIF.m in Sources */ = {isa = PBXBuildFile; fileRef = ECC93CBE1F99E6B700AFEF36 /* UIImage+GIF.m */; };
		ECC93CE01F99E96C00AFEF36 /* UIImage+MultiFormat.m in Sources */ = {isa = PBXBuildFile; fileRef = ECC93CC01F99E6B700AFEF36 /* UIImage+MultiFormat.m */; };
		ECC93CE11F99E96F00AFEF36 /* UIImage+WebP.m in Sources */ = {isa = PBXBuildFile; fileRef = ECC93CC21F99E6B700AFEF36 /* UIImage+WebP.m */; };
		ECC93CE21F99E97300AFEF36 /* UIImageView+HighlightedWebCache.m in Sources */ = {isa = PBXBuildFile; fileRef = ECC93CC41F99E6B700AFEF36 /* UIImageView+HighlightedWebCache.m */; };
		ECC93CE31F99E97600AFEF36 /* UIImageView+WebCache.m in Sources */ = {isa = PBXBuildFile; fileRef = ECC93CC61F99E6B700AFEF36 /* UIImageView+WebCache.m */; };
		ECC93CE41F99E97800AFEF36 /* UIView+WebCache.m in Sources */ = {isa = PBXBuildFile; fileRef = ECC93CC81F99E6B700AFEF36 /* UIView+WebCache.m */; };
		ECC93CE51F99E97B00AFEF36 /* UIView+WebCacheOperation.m in Sources */ = {isa = PBXBuildFile; fileRef = ECC93CCA1F99E6B700AFEF36 /* UIView+WebCacheOperation.m */; };
/* End PBXBuildFile section */

/* Begin PBXFileReference section */
		EC0986751F99955B00026B71 /* RichTextLabel.app */ = {isa = PBXFileReference; explicitFileType = wrapper.application; includeInIndex = 0; path = RichTextLabel.app; sourceTree = BUILT_PRODUCTS_DIR; };
		EC0986781F99955B00026B71 /* AppDelegate.h */ = {isa = PBXFileReference; lastKnownFileType = sourcecode.c.h; path = AppDelegate.h; sourceTree = "<group>"; };
		EC0986791F99955B00026B71 /* AppDelegate.m */ = {isa = PBXFileReference; lastKnownFileType = sourcecode.c.objc; path = AppDelegate.m; sourceTree = "<group>"; };
		EC09867B1F99955B00026B71 /* ViewController.h */ = {isa = PBXFileReference; lastKnownFileType = sourcecode.c.h; path = ViewController.h; sourceTree = "<group>"; };
		EC09867C1F99955B00026B71 /* ViewController.m */ = {isa = PBXFileReference; lastKnownFileType = sourcecode.c.objc; path = ViewController.m; sourceTree = "<group>"; };
		EC09867F1F99955B00026B71 /* Base */ = {isa = PBXFileReference; lastKnownFileType = file.storyboard; name = Base; path = Base.lproj/Main.storyboard; sourceTree = "<group>"; };
		EC0986811F99955B00026B71 /* Assets.xcassets */ = {isa = PBXFileReference; lastKnownFileType = folder.assetcatalog; path = Assets.xcassets; sourceTree = "<group>"; };
		EC0986841F99955B00026B71 /* Base */ = {isa = PBXFileReference; lastKnownFileType = file.storyboard; name = Base; path = Base.lproj/LaunchScreen.storyboard; sourceTree = "<group>"; };
		EC0986861F99955B00026B71 /* Info.plist */ = {isa = PBXFileReference; lastKnownFileType = text.plist.xml; path = Info.plist; sourceTree = "<group>"; };
		EC0986871F99955B00026B71 /* main.m */ = {isa = PBXFileReference; lastKnownFileType = sourcecode.c.objc; path = main.m; sourceTree = "<group>"; };
		EC09868E1F99959E00026B71 /* LJLabel.h */ = {isa = PBXFileReference; lastKnownFileType = sourcecode.c.h; path = LJLabel.h; sourceTree = "<group>"; };
		EC09868F1F99959E00026B71 /* LJLabel.m */ = {isa = PBXFileReference; lastKnownFileType = sourcecode.c.objc; path = LJLabel.m; sourceTree = "<group>"; };
		EC0986911F99C22F00026B71 /* NSString+Extension.h */ = {isa = PBXFileReference; lastKnownFileType = sourcecode.c.h; path = "NSString+Extension.h"; sourceTree = "<group>"; };
		EC0986921F99C22F00026B71 /* NSString+Extension.m */ = {isa = PBXFileReference; lastKnownFileType = sourcecode.c.objc; path = "NSString+Extension.m"; sourceTree = "<group>"; };
		ECC93C9A1F99E6B700AFEF36 /* MKAnnotationView+WebCache.h */ = {isa = PBXFileReference; lastKnownFileType = sourcecode.c.h; path = "MKAnnotationView+WebCache.h"; sourceTree = "<group>"; };
		ECC93C9B1F99E6B700AFEF36 /* MKAnnotationView+WebCache.m */ = {isa = PBXFileReference; lastKnownFileType = sourcecode.c.objc; path = "MKAnnotationView+WebCache.m"; sourceTree = "<group>"; };
		ECC93C9C1F99E6B700AFEF36 /* NSData+ImageContentType.h */ = {isa = PBXFileReference; lastKnownFileType = sourcecode.c.h; path = "NSData+ImageContentType.h"; sourceTree = "<group>"; };
		ECC93C9D1F99E6B700AFEF36 /* NSData+ImageContentType.m */ = {isa = PBXFileReference; lastKnownFileType = sourcecode.c.objc; path = "NSData+ImageContentType.m"; sourceTree = "<group>"; };
		ECC93C9E1F99E6B700AFEF36 /* NSImage+WebCache.h */ = {isa = PBXFileReference; lastKnownFileType = sourcecode.c.h; path = "NSImage+WebCache.h"; sourceTree = "<group>"; };
		ECC93C9F1F99E6B700AFEF36 /* NSImage+WebCache.m */ = {isa = PBXFileReference; lastKnownFileType = sourcecode.c.objc; path = "NSImage+WebCache.m"; sourceTree = "<group>"; };
		ECC93CA01F99E6B700AFEF36 /* SDImageCache.h */ = {isa = PBXFileReference; lastKnownFileType = sourcecode.c.h; path = SDImageCache.h; sourceTree = "<group>"; };
		ECC93CA11F99E6B700AFEF36 /* SDImageCache.m */ = {isa = PBXFileReference; lastKnownFileType = sourcecode.c.objc; path = SDImageCache.m; sourceTree = "<group>"; };
		ECC93CA21F99E6B700AFEF36 /* SDImageCacheConfig.h */ = {isa = PBXFileReference; lastKnownFileType = sourcecode.c.h; path = SDImageCacheConfig.h; sourceTree = "<group>"; };
		ECC93CA31F99E6B700AFEF36 /* SDImageCacheConfig.m */ = {isa = PBXFileReference; lastKnownFileType = sourcecode.c.objc; path = SDImageCacheConfig.m; sourceTree = "<group>"; };
		ECC93CA41F99E6B700AFEF36 /* SDWebImageCoder.h */ = {isa = PBXFileReference; lastKnownFileType = sourcecode.c.h; path = SDWebImageCoder.h; sourceTree = "<group>"; };
		ECC93CA51F99E6B700AFEF36 /* SDWebImageCoder.m */ = {isa = PBXFileReference; lastKnownFileType = sourcecode.c.objc; path = SDWebImageCoder.m; sourceTree = "<group>"; };
		ECC93CA61F99E6B700AFEF36 /* SDWebImageCodersManager.h */ = {isa = PBXFileReference; lastKnownFileType = sourcecode.c.h; path = SDWebImageCodersManager.h; sourceTree = "<group>"; };
		ECC93CA71F99E6B700AFEF36 /* SDWebImageCodersManager.m */ = {isa = PBXFileReference; lastKnownFileType = sourcecode.c.objc; path = SDWebImageCodersManager.m; sourceTree = "<group>"; };
		ECC93CA81F99E6B700AFEF36 /* SDWebImageCompat.h */ = {isa = PBXFileReference; lastKnownFileType = sourcecode.c.h; path = SDWebImageCompat.h; sourceTree = "<group>"; };
		ECC93CA91F99E6B700AFEF36 /* SDWebImageCompat.m */ = {isa = PBXFileReference; lastKnownFileType = sourcecode.c.objc; path = SDWebImageCompat.m; sourceTree = "<group>"; };
		ECC93CAA1F99E6B700AFEF36 /* SDWebImageDownloader.h */ = {isa = PBXFileReference; lastKnownFileType = sourcecode.c.h; path = SDWebImageDownloader.h; sourceTree = "<group>"; };
		ECC93CAB1F99E6B700AFEF36 /* SDWebImageDownloader.m */ = {isa = PBXFileReference; lastKnownFileType = sourcecode.c.objc; path = SDWebImageDownloader.m; sourceTree = "<group>"; };
		ECC93CAC1F99E6B700AFEF36 /* SDWebImageDownloaderOperation.h */ = {isa = PBXFileReference; lastKnownFileType = sourcecode.c.h; path = SDWebImageDownloaderOperation.h; sourceTree = "<group>"; };
		ECC93CAD1F99E6B700AFEF36 /* SDWebImageDownloaderOperation.m */ = {isa = PBXFileReference; lastKnownFileType = sourcecode.c.objc; path = SDWebImageDownloaderOperation.m; sourceTree = "<group>"; };
		ECC93CAE1F99E6B700AFEF36 /* SDWebImageGIFCoder.h */ = {isa = PBXFileReference; lastKnownFileType = sourcecode.c.h; path = SDWebImageGIFCoder.h; sourceTree = "<group>"; };
		ECC93CAF1F99E6B700AFEF36 /* SDWebImageGIFCoder.m */ = {isa = PBXFileReference; lastKnownFileType = sourcecode.c.objc; path = SDWebImageGIFCoder.m; sourceTree = "<group>"; };
		ECC93CB01F99E6B700AFEF36 /* SDWebImageImageIOCoder.h */ = {isa = PBXFileReference; lastKnownFileType = sourcecode.c.h; path = SDWebImageImageIOCoder.h; sourceTree = "<group>"; };
		ECC93CB11F99E6B700AFEF36 /* SDWebImageImageIOCoder.m */ = {isa = PBXFileReference; lastKnownFileType = sourcecode.c.objc; path = SDWebImageImageIOCoder.m; sourceTree = "<group>"; };
		ECC93CB21F99E6B700AFEF36 /* SDWebImageManager.h */ = {isa = PBXFileReference; lastKnownFileType = sourcecode.c.h; path = SDWebImageManager.h; sourceTree = "<group>"; };
		ECC93CB31F99E6B700AFEF36 /* SDWebImageManager.m */ = {isa = PBXFileReference; lastKnownFileType = sourcecode.c.objc; path = SDWebImageManager.m; sourceTree = "<group>"; };
		ECC93CB41F99E6B700AFEF36 /* SDWebImageOperation.h */ = {isa = PBXFileReference; lastKnownFileType = sourcecode.c.h; path = SDWebImageOperation.h; sourceTree = "<group>"; };
		ECC93CB51F99E6B700AFEF36 /* SDWebImagePrefetcher.h */ = {isa = PBXFileReference; lastKnownFileType = sourcecode.c.h; path = SDWebImagePrefetcher.h; sourceTree = "<group>"; };
		ECC93CB61F99E6B700AFEF36 /* SDWebImagePrefetcher.m */ = {isa = PBXFileReference; lastKnownFileType = sourcecode.c.objc; path = SDWebImagePrefetcher.m; sourceTree = "<group>"; };
		ECC93CB71F99E6B700AFEF36 /* SDWebImageWebPCoder.h */ = {isa = PBXFileReference; lastKnownFileType = sourcecode.c.h; path = SDWebImageWebPCoder.h; sourceTree = "<group>"; };
		ECC93CB81F99E6B700AFEF36 /* SDWebImageWebPCoder.m */ = {isa = PBXFileReference; lastKnownFileType = sourcecode.c.objc; path = SDWebImageWebPCoder.m; sourceTree = "<group>"; };
		ECC93CB91F99E6B700AFEF36 /* UIButton+WebCache.h */ = {isa = PBXFileReference; lastKnownFileType = sourcecode.c.h; path = "UIButton+WebCache.h"; sourceTree = "<group>"; };
		ECC93CBA1F99E6B700AFEF36 /* UIButton+WebCache.m */ = {isa = PBXFileReference; lastKnownFileType = sourcecode.c.objc; path = "UIButton+WebCache.m"; sourceTree = "<group>"; };
		ECC93CBB1F99E6B700AFEF36 /* UIImage+ForceDecode.h */ = {isa = PBXFileReference; lastKnownFileType = sourcecode.c.h; path = "UIImage+ForceDecode.h"; sourceTree = "<group>"; };
		ECC93CBC1F99E6B700AFEF36 /* UIImage+ForceDecode.m */ = {isa = PBXFileReference; lastKnownFileType = sourcecode.c.objc; path = "UIImage+ForceDecode.m"; sourceTree = "<group>"; };
		ECC93CBD1F99E6B700AFEF36 /* UIImage+GIF.h */ = {isa = PBXFileReference; lastKnownFileType = sourcecode.c.h; path = "UIImage+GIF.h"; sourceTree = "<group>"; };
		ECC93CBE1F99E6B700AFEF36 /* UIImage+GIF.m */ = {isa = PBXFileReference; lastKnownFileType = sourcecode.c.objc; path = "UIImage+GIF.m"; sourceTree = "<group>"; };
		ECC93CBF1F99E6B700AFEF36 /* UIImage+MultiFormat.h */ = {isa = PBXFileReference; lastKnownFileType = sourcecode.c.h; path = "UIImage+MultiFormat.h"; sourceTree = "<group>"; };
		ECC93CC01F99E6B700AFEF36 /* UIImage+MultiFormat.m */ = {isa = PBXFileReference; lastKnownFileType = sourcecode.c.objc; path = "UIImage+MultiFormat.m"; sourceTree = "<group>"; };
		ECC93CC11F99E6B700AFEF36 /* UIImage+WebP.h */ = {isa = PBXFileReference; lastKnownFileType = sourcecode.c.h; path = "UIImage+WebP.h"; sourceTree = "<group>"; };
		ECC93CC21F99E6B700AFEF36 /* UIImage+WebP.m */ = {isa = PBXFileReference; lastKnownFileType = sourcecode.c.objc; path = "UIImage+WebP.m"; sourceTree = "<group>"; };
		ECC93CC31F99E6B700AFEF36 /* UIImageView+HighlightedWebCache.h */ = {isa = PBXFileReference; lastKnownFileType = sourcecode.c.h; path = "UIImageView+HighlightedWebCache.h"; sourceTree = "<group>"; };
		ECC93CC41F99E6B700AFEF36 /* UIImageView+HighlightedWebCache.m */ = {isa = PBXFileReference; lastKnownFileType = sourcecode.c.objc; path = "UIImageView+HighlightedWebCache.m"; sourceTree = "<group>"; };
		ECC93CC51F99E6B700AFEF36 /* UIImageView+WebCache.h */ = {isa = PBXFileReference; lastKnownFileType = sourcecode.c.h; path = "UIImageView+WebCache.h"; sourceTree = "<group>"; };
		ECC93CC61F99E6B700AFEF36 /* UIImageView+WebCache.m */ = {isa = PBXFileReference; lastKnownFileType = sourcecode.c.objc; path = "UIImageView+WebCache.m"; sourceTree = "<group>"; };
		ECC93CC71F99E6B700AFEF36 /* UIView+WebCache.h */ = {isa = PBXFileReference; lastKnownFileType = sourcecode.c.h; path = "UIView+WebCache.h"; sourceTree = "<group>"; };
		ECC93CC81F99E6B700AFEF36 /* UIView+WebCache.m */ = {isa = PBXFileReference; lastKnownFileType = sourcecode.c.objc; path = "UIView+WebCache.m"; sourceTree = "<group>"; };
		ECC93CC91F99E6B700AFEF36 /* UIView+WebCacheOperation.h */ = {isa = PBXFileReference; lastKnownFileType = sourcecode.c.h; path = "UIView+WebCacheOperation.h"; sourceTree = "<group>"; };
		ECC93CCA1F99E6B700AFEF36 /* UIView+WebCacheOperation.m */ = {isa = PBXFileReference; lastKnownFileType = sourcecode.c.objc; path = "UIView+WebCacheOperation.m"; sourceTree = "<group>"; };
		ECC93CCB1F99E7E800AFEF36 /* orthogon_1701.png */ = {isa = PBXFileReference; lastKnownFileType = image.png; path = orthogon_1701.png; sourceTree = "<group>"; };
/* End PBXFileReference section */

/* Begin PBXFrameworksBuildPhase section */
		EC0986721F99955B00026B71 /* Frameworks */ = {
			isa = PBXFrameworksBuildPhase;
			buildActionMask = 2147483647;
			files = (
			);
			runOnlyForDeploymentPostprocessing = 0;
		};
/* End PBXFrameworksBuildPhase section */

/* Begin PBXGroup section */
		EC09866C1F99955B00026B71 = {
			isa = PBXGroup;
			children = (
				EC0986771F99955B00026B71 /* RichTextLabel */,
				EC0986761F99955B00026B71 /* Products */,
			);
			sourceTree = "<group>";
		};
		EC0986761F99955B00026B71 /* Products */ = {
			isa = PBXGroup;
			children = (
				EC0986751F99955B00026B71 /* RichTextLabel.app */,
			);
			name = Products;
			sourceTree = "<group>";
		};
		EC0986771F99955B00026B71 /* RichTextLabel */ = {
			isa = PBXGroup;
			children = (
				ECC93CCB1F99E7E800AFEF36 /* orthogon_1701.png */,
				ECC93C961F99E6B700AFEF36 /* SDWebImage */,
				EC0986781F99955B00026B71 /* AppDelegate.h */,
				EC0986791F99955B00026B71 /* AppDelegate.m */,
				EC09867B1F99955B00026B71 /* ViewController.h */,
				EC09867C1F99955B00026B71 /* ViewController.m */,
				EC0986911F99C22F00026B71 /* NSString+Extension.h */,
				EC0986921F99C22F00026B71 /* NSString+Extension.m */,
				EC09868E1F99959E00026B71 /* LJLabel.h */,
				EC09868F1F99959E00026B71 /* LJLabel.m */,
				EC09867E1F99955B00026B71 /* Main.storyboard */,
				EC0986811F99955B00026B71 /* Assets.xcassets */,
				EC0986831F99955B00026B71 /* LaunchScreen.storyboard */,
				EC0986861F99955B00026B71 /* Info.plist */,
				EC0986871F99955B00026B71 /* main.m */,
			);
			path = RichTextLabel;
			sourceTree = "<group>";
		};
		ECC93C961F99E6B700AFEF36 /* SDWebImage */ = {
			isa = PBXGroup;
			children = (
				ECC93C9A1F99E6B700AFEF36 /* MKAnnotationView+WebCache.h */,
				ECC93C9B1F99E6B700AFEF36 /* MKAnnotationView+WebCache.m */,
				ECC93C9C1F99E6B700AFEF36 /* NSData+ImageContentType.h */,
				ECC93C9D1F99E6B700AFEF36 /* NSData+ImageContentType.m */,
				ECC93C9E1F99E6B700AFEF36 /* NSImage+WebCache.h */,
				ECC93C9F1F99E6B700AFEF36 /* NSImage+WebCache.m */,
				ECC93CA01F99E6B700AFEF36 /* SDImageCache.h */,
				ECC93CA11F99E6B700AFEF36 /* SDImageCache.m */,
				ECC93CA21F99E6B700AFEF36 /* SDImageCacheConfig.h */,
				ECC93CA31F99E6B700AFEF36 /* SDImageCacheConfig.m */,
				ECC93CA41F99E6B700AFEF36 /* SDWebImageCoder.h */,
				ECC93CA51F99E6B700AFEF36 /* SDWebImageCoder.m */,
				ECC93CA61F99E6B700AFEF36 /* SDWebImageCodersManager.h */,
				ECC93CA71F99E6B700AFEF36 /* SDWebImageCodersManager.m */,
				ECC93CA81F99E6B700AFEF36 /* SDWebImageCompat.h */,
				ECC93CA91F99E6B700AFEF36 /* SDWebImageCompat.m */,
				ECC93CAA1F99E6B700AFEF36 /* SDWebImageDownloader.h */,
				ECC93CAB1F99E6B700AFEF36 /* SDWebImageDownloader.m */,
				ECC93CAC1F99E6B700AFEF36 /* SDWebImageDownloaderOperation.h */,
				ECC93CAD1F99E6B700AFEF36 /* SDWebImageDownloaderOperation.m */,
				ECC93CAE1F99E6B700AFEF36 /* SDWebImageGIFCoder.h */,
				ECC93CAF1F99E6B700AFEF36 /* SDWebImageGIFCoder.m */,
				ECC93CB01F99E6B700AFEF36 /* SDWebImageImageIOCoder.h */,
				ECC93CB11F99E6B700AFEF36 /* SDWebImageImageIOCoder.m */,
				ECC93CB21F99E6B700AFEF36 /* SDWebImageManager.h */,
				ECC93CB31F99E6B700AFEF36 /* SDWebImageManager.m */,
				ECC93CB41F99E6B700AFEF36 /* SDWebImageOperation.h */,
				ECC93CB51F99E6B700AFEF36 /* SDWebImagePrefetcher.h */,
				ECC93CB61F99E6B700AFEF36 /* SDWebImagePrefetcher.m */,
				ECC93CB71F99E6B700AFEF36 /* SDWebImageWebPCoder.h */,
				ECC93CB81F99E6B700AFEF36 /* SDWebImageWebPCoder.m */,
				ECC93CB91F99E6B700AFEF36 /* UIButton+WebCache.h */,
				ECC93CBA1F99E6B700AFEF36 /* UIButton+WebCache.m */,
				ECC93CBB1F99E6B700AFEF36 /* UIImage+ForceDecode.h */,
				ECC93CBC1F99E6B700AFEF36 /* UIImage+ForceDecode.m */,
				ECC93CBD1F99E6B700AFEF36 /* UIImage+GIF.h */,
				ECC93CBE1F99E6B700AFEF36 /* UIImage+GIF.m */,
				ECC93CBF1F99E6B700AFEF36 /* UIImage+MultiFormat.h */,
				ECC93CC01F99E6B700AFEF36 /* UIImage+MultiFormat.m */,
				ECC93CC11F99E6B700AFEF36 /* UIImage+WebP.h */,
				ECC93CC21F99E6B700AFEF36 /* UIImage+WebP.m */,
				ECC93CC31F99E6B700AFEF36 /* UIImageView+HighlightedWebCache.h */,
				ECC93CC41F99E6B700AFEF36 /* UIImageView+HighlightedWebCache.m */,
				ECC93CC51F99E6B700AFEF36 /* UIImageView+WebCache.h */,
				ECC93CC61F99E6B700AFEF36 /* UIImageView+WebCache.m */,
				ECC93CC71F99E6B700AFEF36 /* UIView+WebCache.h */,
				ECC93CC81F99E6B700AFEF36 /* UIView+WebCache.m */,
				ECC93CC91F99E6B700AFEF36 /* UIView+WebCacheOperation.h */,
				ECC93CCA1F99E6B700AFEF36 /* UIView+WebCacheOperation.m */,
			);
			path = SDWebImage;
			sourceTree = "<group>";
		};
/* End PBXGroup section */

/* Begin PBXNativeTarget section */
		EC0986741F99955B00026B71 /* RichTextLabel */ = {
			isa = PBXNativeTarget;
			buildConfigurationList = EC09868B1F99955B00026B71 /* Build configuration list for PBXNativeTarget "RichTextLabel" */;
			buildPhases = (
				EC0986711F99955B00026B71 /* Sources */,
				EC0986721F99955B00026B71 /* Frameworks */,
				EC0986731F99955B00026B71 /* Resources */,
			);
			buildRules = (
			);
			dependencies = (
			);
			name = RichTextLabel;
			productName = RichTextLabel;
			productReference = EC0986751F99955B00026B71 /* RichTextLabel.app */;
			productType = "com.apple.product-type.application";
		};
/* End PBXNativeTarget section */

/* Begin PBXProject section */
		EC09866D1F99955B00026B71 /* Project object */ = {
			isa = PBXProject;
			attributes = {
				LastUpgradeCheck = 0900;
				ORGANIZATIONNAME = liang;
				TargetAttributes = {
					EC0986741F99955B00026B71 = {
						CreatedOnToolsVersion = 9.0;
						ProvisioningStyle = Automatic;
					};
				};
			};
			buildConfigurationList = EC0986701F99955B00026B71 /* Build configuration list for PBXProject "RichTextLabel" */;
			compatibilityVersion = "Xcode 8.0";
			developmentRegion = en;
			hasScannedForEncodings = 0;
			knownRegions = (
				en,
				Base,
			);
			mainGroup = EC09866C1F99955B00026B71;
			productRefGroup = EC0986761F99955B00026B71 /* Products */;
			projectDirPath = "";
			projectRoot = "";
			targets = (
				EC0986741F99955B00026B71 /* RichTextLabel */,
			);
		};
/* End PBXProject section */

/* Begin PBXResourcesBuildPhase section */
		EC0986731F99955B00026B71 /* Resources */ = {
			isa = PBXResourcesBuildPhase;
			buildActionMask = 2147483647;
			files = (
				ECC93CCC1F99E91B00AFEF36 /* orthogon_1701.png in Resources */,
				EC0986851F99955B00026B71 /* LaunchScreen.storyboard in Resources */,
				EC0986821F99955B00026B71 /* Assets.xcassets in Resources */,
				EC0986801F99955B00026B71 /* Main.storyboard in Resources */,
			);
			runOnlyForDeploymentPostprocessing = 0;
		};
/* End PBXResourcesBuildPhase section */

/* Begin PBXSourcesBuildPhase section */
		EC0986711F99955B00026B71 /* Sources */ = {
			isa = PBXSourcesBuildPhase;
			buildActionMask = 2147483647;
			files = (
				ECC93CD81F99E94C00AFEF36 /* SDWebImageGIFCoder.m in Sources */,
				ECC93CE11F99E96F00AFEF36 /* UIImage+WebP.m in Sources */,
				ECC93CDB1F99E95E00AFEF36 /* SDWebImagePrefetcher.m in Sources */,
				ECC93CD21F99E93700AFEF36 /* SDImageCacheConfig.m in Sources */,
				ECC93CDD1F99E96400AFEF36 /* UIButton+WebCache.m in Sources */,
				EC0986931F99C22F00026B71 /* NSString+Extension.m in Sources */,
				ECC93CD71F99E94900AFEF36 /* SDWebImageDownloaderOperation.m in Sources */,
				EC09867D1F99955B00026B71 /* ViewController.m in Sources */,
				ECC93CCF1F99E92D00AFEF36 /* NSData+ImageContentType.m in Sources */,
				ECC93CD61F99E94600AFEF36 /* SDWebImageDownloader.m in Sources */,
				EC0986881F99955B00026B71 /* main.m in Sources */,
				ECC93CD51F99E94300AFEF36 /* SDWebImageCompat.m in Sources */,
				EC0986901F99959E00026B71 /* LJLabel.m in Sources */,
				EC09867A1F99955B00026B71 /* AppDelegate.m in Sources */,
				ECC93CD91F99E94F00AFEF36 /* SDWebImageImageIOCoder.m in Sources */,
				ECC93CCD1F99E92200AFEF36 /* MKAnnotationView+WebCache.m in Sources */,
				ECC93CDC1F99E96000AFEF36 /* SDWebImageWebPCoder.m in Sources */,
				ECC93CE31F99E97600AFEF36 /* UIImageView+WebCache.m in Sources */,
				ECC93CE21F99E97300AFEF36 /* UIImageView+HighlightedWebCache.m in Sources */,
				ECC93CE41F99E97800AFEF36 /* UIView+WebCache.m in Sources */,
				ECC93CDE1F99E96700AFEF36 /* UIImage+ForceDecode.m in Sources */,
				ECC93CE51F99E97B00AFEF36 /* UIView+WebCacheOperation.m in Sources */,
				ECC93CDF1F99E96A00AFEF36 /* UIImage+GIF.m in Sources */,
				ECC93CD41F99E94100AFEF36 /* SDWebImageCodersManager.m in Sources */,
				ECC93CDA1F99E95200AFEF36 /* SDWebImageManager.m in Sources */,
				ECC93CD31F99E93A00AFEF36 /* SDWebImageCoder.m in Sources */,
				ECC93CE01F99E96C00AFEF36 /* UIImage+MultiFormat.m in Sources */,
				ECC93CD01F99E93100AFEF36 /* NSImage+WebCache.m in Sources */,
				ECC93CD11F99E93400AFEF36 /* SDImageCache.m in Sources */,
			);
			runOnlyForDeploymentPostprocessing = 0;
		};
/* End PBXSourcesBuildPhase section */

/* Begin PBXVariantGroup section */
		EC09867E1F99955B00026B71 /* Main.storyboard */ = {
			isa = PBXVariantGroup;
			children = (
				EC09867F1F99955B00026B71 /* Base */,
			);
			name = Main.storyboard;
			sourceTree = "<group>";
		};
		EC0986831F99955B00026B71 /* LaunchScreen.storyboard */ = {
			isa = PBXVariantGroup;
			children = (
				EC0986841F99955B00026B71 /* Base */,
			);
			name = LaunchScreen.storyboard;
			sourceTree = "<group>";
		};
/* End PBXVariantGroup section */

/* Begin XCBuildConfiguration section */
		EC0986891F99955B00026B71 /* Debug */ = {
			isa = XCBuildConfiguration;
			buildSettings = {
				ALWAYS_SEARCH_USER_PATHS = NO;
				CLANG_ANALYZER_NONNULL = YES;
				CLANG_ANALYZER_NUMBER_OBJECT_CONVERSION = YES_AGGRESSIVE;
				CLANG_CXX_LANGUAGE_STANDARD = "gnu++14";
				CLANG_CXX_LIBRARY = "libc++";
				CLANG_ENABLE_MODULES = YES;
				CLANG_ENABLE_OBJC_ARC = YES;
				CLANG_WARN_BLOCK_CAPTURE_AUTORELEASING = YES;
				CLANG_WARN_BOOL_CONVERSION = YES;
				CLANG_WARN_COMMA = YES;
				CLANG_WARN_CONSTANT_CONVERSION = YES;
				CLANG_WARN_DIRECT_OBJC_ISA_USAGE = YES_ERROR;
				CLANG_WARN_DOCUMENTATION_COMMENTS = YES;
				CLANG_WARN_EMPTY_BODY = YES;
				CLANG_WARN_ENUM_CONVERSION = YES;
				CLANG_WARN_INFINITE_RECURSION = YES;
				CLANG_WARN_INT_CONVERSION = YES;
				CLANG_WARN_NON_LITERAL_NULL_CONVERSION = YES;
				CLANG_WARN_OBJC_LITERAL_CONVERSION = YES;
				CLANG_WARN_OBJC_ROOT_CLASS = YES_ERROR;
				CLANG_WARN_RANGE_LOOP_ANALYSIS = YES;
				CLANG_WARN_STRICT_PROTOTYPES = YES;
				CLANG_WARN_SUSPICIOUS_MOVE = YES;
				CLANG_WARN_UNGUARDED_AVAILABILITY = YES_AGGRESSIVE;
				CLANG_WARN_UNREACHABLE_CODE = YES;
				CLANG_WARN__DUPLICATE_METHOD_MATCH = YES;
				CODE_SIGN_IDENTITY = "iPhone Developer";
				COPY_PHASE_STRIP = NO;
				DEBUG_INFORMATION_FORMAT = dwarf;
				ENABLE_STRICT_OBJC_MSGSEND = YES;
				ENABLE_TESTABILITY = YES;
				GCC_C_LANGUAGE_STANDARD = gnu11;
				GCC_DYNAMIC_NO_PIC = NO;
				GCC_NO_COMMON_BLOCKS = YES;
				GCC_OPTIMIZATION_LEVEL = 0;
				GCC_PREPROCESSOR_DEFINITIONS = (
					"DEBUG=1",
					"$(inherited)",
				);
				GCC_WARN_64_TO_32_BIT_CONVERSION = YES;
				GCC_WARN_ABOUT_RETURN_TYPE = YES_ERROR;
				GCC_WARN_UNDECLARED_SELECTOR = YES;
				GCC_WARN_UNINITIALIZED_AUTOS = YES_AGGRESSIVE;
				GCC_WARN_UNUSED_FUNCTION = YES;
				GCC_WARN_UNUSED_VARIABLE = YES;
				IPHONEOS_DEPLOYMENT_TARGET = 11.0;
				MTL_ENABLE_DEBUG_INFO = YES;
				ONLY_ACTIVE_ARCH = YES;
				SDKROOT = iphoneos;
			};
			name = Debug;
		};
		EC09868A1F99955B00026B71 /* Release */ = {
			isa = XCBuildConfiguration;
			buildSettings = {
				ALWAYS_SEARCH_USER_PATHS = NO;
				CLANG_ANALYZER_NONNULL = YES;
				CLANG_ANALYZER_NUMBER_OBJECT_CONVERSION = YES_AGGRESSIVE;
				CLANG_CXX_LANGUAGE_STANDARD = "gnu++14";
				CLANG_CXX_LIBRARY = "libc++";
				CLANG_ENABLE_MODULES = YES;
				CLANG_ENABLE_OBJC_ARC = YES;
				CLANG_WARN_BLOCK_CAPTURE_AUTORELEASING = YES;
				CLANG_WARN_BOOL_CONVERSION = YES;
				CLANG_WARN_COMMA = YES;
				CLANG_WARN_CONSTANT_CONVERSION = YES;
				CLANG_WARN_DIRECT_OBJC_ISA_USAGE = YES_ERROR;
				CLANG_WARN_DOCUMENTATION_COMMENTS = YES;
				CLANG_WARN_EMPTY_BODY = YES;
				CLANG_WARN_ENUM_CONVERSION = YES;
				CLANG_WARN_INFINITE_RECURSION = YES;
				CLANG_WARN_INT_CONVERSION = YES;
				CLANG_WARN_NON_LITERAL_NULL_CONVERSION = YES;
				CLANG_WARN_OBJC_LITERAL_CONVERSION = YES;
				CLANG_WARN_OBJC_ROOT_CLASS = YES_ERROR;
				CLANG_WARN_RANGE_LOOP_ANALYSIS = YES;
				CLANG_WARN_STRICT_PROTOTYPES = YES;
				CLANG_WARN_SUSPICIOUS_MOVE = YES;
				CLANG_WARN_UNGUARDED_AVAILABILITY = YES_AGGRESSIVE;
				CLANG_WARN_UNREACHABLE_CODE = YES;
				CLANG_WARN__DUPLICATE_METHOD_MATCH = YES;
				CODE_SIGN_IDENTITY = "iPhone Developer";
				COPY_PHASE_STRIP = NO;
				DEBUG_INFORMATION_FORMAT = "dwarf-with-dsym";
				ENABLE_NS_ASSERTIONS = NO;
				ENABLE_STRICT_OBJC_MSGSEND = YES;
				GCC_C_LANGUAGE_STANDARD = gnu11;
				GCC_NO_COMMON_BLOCKS = YES;
				GCC_WARN_64_TO_32_BIT_CONVERSION = YES;
				GCC_WARN_ABOUT_RETURN_TYPE = YES_ERROR;
				GCC_WARN_UNDECLARED_SELECTOR = YES;
				GCC_WARN_UNINITIALIZED_AUTOS = YES_AGGRESSIVE;
				GCC_WARN_UNUSED_FUNCTION = YES;
				GCC_WARN_UNUSED_VARIABLE = YES;
				IPHONEOS_DEPLOYMENT_TARGET = 11.0;
				MTL_ENABLE_DEBUG_INFO = NO;
				SDKROOT = iphoneos;
				VALIDATE_PRODUCT = YES;
			};
			name = Release;
		};
		EC09868C1F99955B00026B71 /* Debug */ = {
			isa = XCBuildConfiguration;
			buildSettings = {
				ASSETCATALOG_COMPILER_APPICON_NAME = AppIcon;
				CODE_SIGN_STYLE = Automatic;
				INFOPLIST_FILE = RichTextLabel/Info.plist;
				LD_RUNPATH_SEARCH_PATHS = "$(inherited) @executable_path/Frameworks";
				PRODUCT_BUNDLE_IDENTIFIER = com.liang.RichTextLabel;
				PRODUCT_NAME = "$(TARGET_NAME)";
				TARGETED_DEVICE_FAMILY = "1,2";
			};
			name = Debug;
		};
		EC09868D1F99955B00026B71 /* Release */ = {
			isa = XCBuildConfiguration;
			buildSettings = {
				ASSETCATALOG_COMPILER_APPICON_NAME = AppIcon;
				CODE_SIGN_STYLE = Automatic;
				INFOPLIST_FILE = RichTextLabel/Info.plist;
				LD_RUNPATH_SEARCH_PATHS = "$(inherited) @executable_path/Frameworks";
				PRODUCT_BUNDLE_IDENTIFIER = com.liang.RichTextLabel;
				PRODUCT_NAME = "$(TARGET_NAME)";
				TARGETED_DEVICE_FAMILY = "1,2";
			};
			name = Release;
		};
/* End XCBuildConfiguration section */

/* Begin XCConfigurationList section */
		EC0986701F99955B00026B71 /* Build configuration list for PBXProject "RichTextLabel" */ = {
			isa = XCConfigurationList;
			buildConfigurations = (
				EC0986891F99955B00026B71 /* Debug */,
				EC09868A1F99955B00026B71 /* Release */,
			);
			defaultConfigurationIsVisible = 0;
			defaultConfigurationName = Release;
		};
		EC09868B1F99955B00026B71 /* Build configuration list for PBXNativeTarget "RichTextLabel" */ = {
			isa = XCConfigurationList;
			buildConfigurations = (
				EC09868C1F99955B00026B71 /* Debug */,
				EC09868D1F99955B00026B71 /* Release */,
			);
			defaultConfigurationIsVisible = 0;
			defaultConfigurationName = Release;
		};
/* End XCConfigurationList section */
	};
	rootObject = EC09866D1F99955B00026B71 /* Project object */;
}
