// !$*UTF8*$!
{
	archiveVersion = 1;
	classes = {
	};
	objectVersion = 48;
	objects = {

/* Begin PBXBuildFile section */
		ECA4BA341F90B2BB0016F559 /* AppDelegate.m in Sources */ = {isa = PBXBuildFile; fileRef = ECA4BA331F90B2BB0016F559 /* AppDelegate.m */; };
		ECA4BA371F90B2BB0016F559 /* ViewController.m in Sources */ = {isa = PBXBuildFile; fileRef = ECA4BA361F90B2BB0016F559 /* ViewController.m */; };
		ECA4BA3A1F90B2BB0016F559 /* Main.storyboard in Resources */ = {isa = PBXBuildFile; fileRef = ECA4BA381F90B2BB0016F559 /* Main.storyboard */; };
		ECA4BA3C1F90B2BB0016F559 /* Assets.xcassets in Resources */ = {isa = PBXBuildFile; fileRef = ECA4BA3B1F90B2BB0016F559 /* Assets.xcassets */; };
		ECA4BA3F1F90B2BB0016F559 /* LaunchScreen.storyboard in Resources */ = {isa = PBXBuildFile; fileRef = ECA4BA3D1F90B2BB0016F559 /* LaunchScreen.storyboard */; };
		ECA4BA421F90B2BB0016F559 /* main.m in Sources */ = {isa = PBXBuildFile; fileRef = ECA4BA411F90B2BB0016F559 /* main.m */; };
		ECA4BA4A1F90B3390016F559 /* OpenGLES.framework in Frameworks */ = {isa = PBXBuildFile; fileRef = ECA4BA491F90B3390016F559 /* OpenGLES.framework */; };
		ECA4BA4C1F90B3400016F559 /* QuartzCore.framework in Frameworks */ = {isa = PBXBuildFile; fileRef = ECA4BA4B1F90B3400016F559 /* QuartzCore.framework */; };
		ECA4BA4E1F90B3450016F559 /* GLKit.framework in Frameworks */ = {isa = PBXBuildFile; fileRef = ECA4BA4D1F90B3450016F559 /* GLKit.framework */; };
		ECA4BA511F90B3A80016F559 /* SGGViewController.m in Sources */ = {isa = PBXBuildFile; fileRef = ECA4BA501F90B3A80016F559 /* SGGViewController.m */; };
		ECA4BA541F90B8CC0016F559 /* SGGSprite.m in Sources */ = {isa = PBXBuildFile; fileRef = ECA4BA531F90B8CC0016F559 /* SGGSprite.m */; };
		ECC49A181F96FE8500C1604E /* background-music-aac.caf in Resources */ = {isa = PBXBuildFile; fileRef = ECC49A111F96F36800C1604E /* background-music-aac.caf */; };
		ECC49A191F96FE8900C1604E /* pew-pew.wav in Resources */ = {isa = PBXBuildFile; fileRef = ECC49A121F96F36800C1604E /* pew-pew.wav */; };
		ECC49A1A1F96FE8C00C1604E /* Player.png in Resources */ = {isa = PBXBuildFile; fileRef = ECC49A131F96F36800C1604E /* Player.png */; };
		ECC49A1B1F96FE9700C1604E /* YouWin.png in Resources */ = {isa = PBXBuildFile; fileRef = ECC49A171F96F36800C1604E /* YouWin.png */; };
		ECC49A1C1F96FE9A00C1604E /* YouLose.png in Resources */ = {isa = PBXBuildFile; fileRef = ECC49A161F96F36800C1604E /* YouLose.png */; };
		ECC49A1D1F96FE9C00C1604E /* Target.png in Resources */ = {isa = PBXBuildFile; fileRef = ECC49A151F96F36800C1604E /* Target.png */; };
		ECC49A1E1F96FE9F00C1604E /* Projectile.png in Resources */ = {isa = PBXBuildFile; fileRef = ECC49A141F96F36800C1604E /* Projectile.png */; };
/* End PBXBuildFile section */

/* Begin PBXFileReference section */
		ECA4BA2F1F90B2BB0016F559 /* SimpleGLKitGame.app */ = {isa = PBXFileReference; explicitFileType = wrapper.application; includeInIndex = 0; path = SimpleGLKitGame.app; sourceTree = BUILT_PRODUCTS_DIR; };
		ECA4BA321F90B2BB0016F559 /* AppDelegate.h */ = {isa = PBXFileReference; lastKnownFileType = sourcecode.c.h; path = AppDelegate.h; sourceTree = "<group>"; };
		ECA4BA331F90B2BB0016F559 /* AppDelegate.m */ = {isa = PBXFileReference; lastKnownFileType = sourcecode.c.objc; path = AppDelegate.m; sourceTree = "<group>"; };
		ECA4BA351F90B2BB0016F559 /* ViewController.h */ = {isa = PBXFileReference; lastKnownFileType = sourcecode.c.h; path = ViewController.h; sourceTree = "<group>"; };
		ECA4BA361F90B2BB0016F559 /* ViewController.m */ = {isa = PBXFileReference; lastKnownFileType = sourcecode.c.objc; path = ViewController.m; sourceTree = "<group>"; };
		ECA4BA391F90B2BB0016F559 /* Base */ = {isa = PBXFileReference; lastKnownFileType = file.storyboard; name = Base; path = Base.lproj/Main.storyboard; sourceTree = "<group>"; };
		ECA4BA3B1F90B2BB0016F559 /* Assets.xcassets */ = {isa = PBXFileReference; lastKnownFileType = folder.assetcatalog; path = Assets.xcassets; sourceTree = "<group>"; };
		ECA4BA3E1F90B2BB0016F559 /* Base */ = {isa = PBXFileReference; lastKnownFileType = file.storyboard; name = Base; path = Base.lproj/LaunchScreen.storyboard; sourceTree = "<group>"; };
		ECA4BA401F90B2BB0016F559 /* Info.plist */ = {isa = PBXFileReference; lastKnownFileType = text.plist.xml; path = Info.plist; sourceTree = "<group>"; };
		ECA4BA411F90B2BB0016F559 /* main.m */ = {isa = PBXFileReference; lastKnownFileType = sourcecode.c.objc; path = main.m; sourceTree = "<group>"; };
		ECA4BA491F90B3390016F559 /* OpenGLES.framework */ = {isa = PBXFileReference; lastKnownFileType = wrapper.framework; name = OpenGLES.framework; path = System/Library/Frameworks/OpenGLES.framework; sourceTree = SDKROOT; };
		ECA4BA4B1F90B3400016F559 /* QuartzCore.framework */ = {isa = PBXFileReference; lastKnownFileType = wrapper.framework; name = QuartzCore.framework; path = System/Library/Frameworks/QuartzCore.framework; sourceTree = SDKROOT; };
		ECA4BA4D1F90B3450016F559 /* GLKit.framework */ = {isa = PBXFileReference; lastKnownFileType = wrapper.framework; name = GLKit.framework; path = System/Library/Frameworks/GLKit.framework; sourceTree = SDKROOT; };
		ECA4BA4F1F90B3A80016F559 /* SGGViewController.h */ = {isa = PBXFileReference; lastKnownFileType = sourcecode.c.h; path = SGGViewController.h; sourceTree = "<group>"; };
		ECA4BA501F90B3A80016F559 /* SGGViewController.m */ = {isa = PBXFileReference; lastKnownFileType = sourcecode.c.objc; path = SGGViewController.m; sourceTree = "<group>"; };
		ECA4BA521F90B8CC0016F559 /* SGGSprite.h */ = {isa = PBXFileReference; lastKnownFileType = sourcecode.c.h; path = SGGSprite.h; sourceTree = "<group>"; };
		ECA4BA531F90B8CC0016F559 /* SGGSprite.m */ = {isa = PBXFileReference; lastKnownFileType = sourcecode.c.objc; path = SGGSprite.m; sourceTree = "<group>"; };
		ECC49A111F96F36800C1604E /* background-music-aac.caf */ = {isa = PBXFileReference; lastKnownFileType = file; path = "background-music-aac.caf"; sourceTree = "<group>"; };
		ECC49A121F96F36800C1604E /* pew-pew.wav */ = {isa = PBXFileReference; lastKnownFileType = audio.wav; path = "pew-pew.wav"; sourceTree = "<group>"; };
		ECC49A131F96F36800C1604E /* Player.png */ = {isa = PBXFileReference; lastKnownFileType = image.png; path = Player.png; sourceTree = "<group>"; };
		ECC49A141F96F36800C1604E /* Projectile.png */ = {isa = PBXFileReference; lastKnownFileType = image.png; path = Projectile.png; sourceTree = "<group>"; };
		ECC49A151F96F36800C1604E /* Target.png */ = {isa = PBXFileReference; lastKnownFileType = image.png; path = Target.png; sourceTree = "<group>"; };
		ECC49A161F96F36800C1604E /* YouLose.png */ = {isa = PBXFileReference; lastKnownFileType = image.png; path = YouLose.png; sourceTree = "<group>"; };
		ECC49A171F96F36800C1604E /* YouWin.png */ = {isa = PBXFileReference; lastKnownFileType = image.png; path = YouWin.png; sourceTree = "<group>"; };
/* End PBXFileReference section */

/* Begin PBXFrameworksBuildPhase section */
		ECA4BA2C1F90B2BB0016F559 /* Frameworks */ = {
			isa = PBXFrameworksBuildPhase;
			buildActionMask = 2147483647;
			files = (
				ECA4BA4E1F90B3450016F559 /* GLKit.framework in Frameworks */,
				ECA4BA4C1F90B3400016F559 /* QuartzCore.framework in Frameworks */,
				ECA4BA4A1F90B3390016F559 /* OpenGLES.framework in Frameworks */,
			);
			runOnlyForDeploymentPostprocessing = 0;
		};
/* End PBXFrameworksBuildPhase section */

/* Begin PBXGroup section */
		ECA4BA261F90B2BB0016F559 = {
			isa = PBXGroup;
			children = (
				ECA4BA311F90B2BB0016F559 /* SimpleGLKitGame */,
				ECA4BA301F90B2BB0016F559 /* Products */,
				ECA4BA481F90B3390016F559 /* Frameworks */,
			);
			sourceTree = "<group>";
		};
		ECA4BA301F90B2BB0016F559 /* Products */ = {
			isa = PBXGroup;
			children = (
				ECA4BA2F1F90B2BB0016F559 /* SimpleGLKitGame.app */,
			);
			name = Products;
			sourceTree = "<group>";
		};
		ECA4BA311F90B2BB0016F559 /* SimpleGLKitGame */ = {
			isa = PBXGroup;
			children = (
				ECC49A101F96F36800C1604E /* SGGResources */,
				ECA4BA321F90B2BB0016F559 /* AppDelegate.h */,
				ECA4BA331F90B2BB0016F559 /* AppDelegate.m */,
				ECA4BA351F90B2BB0016F559 /* ViewController.h */,
				ECA4BA361F90B2BB0016F559 /* ViewController.m */,
				ECA4BA4F1F90B3A80016F559 /* SGGViewController.h */,
				ECA4BA501F90B3A80016F559 /* SGGViewController.m */,
				ECA4BA521F90B8CC0016F559 /* SGGSprite.h */,
				ECA4BA531F90B8CC0016F559 /* SGGSprite.m */,
				ECA4BA381F90B2BB0016F559 /* Main.storyboard */,
				ECA4BA3B1F90B2BB0016F559 /* Assets.xcassets */,
				ECA4BA3D1F90B2BB0016F559 /* LaunchScreen.storyboard */,
				ECA4BA401F90B2BB0016F559 /* Info.plist */,
				ECA4BA411F90B2BB0016F559 /* main.m */,
			);
			path = SimpleGLKitGame;
			sourceTree = "<group>";
		};
		ECA4BA481F90B3390016F559 /* Frameworks */ = {
			isa = PBXGroup;
			children = (
				ECA4BA4D1F90B3450016F559 /* GLKit.framework */,
				ECA4BA4B1F90B3400016F559 /* QuartzCore.framework */,
				ECA4BA491F90B3390016F559 /* OpenGLES.framework */,
			);
			name = Frameworks;
			sourceTree = "<group>";
		};
		ECC49A101F96F36800C1604E /* SGGResources */ = {
			isa = PBXGroup;
			children = (
				ECC49A111F96F36800C1604E /* background-music-aac.caf */,
				ECC49A121F96F36800C1604E /* pew-pew.wav */,
				ECC49A131F96F36800C1604E /* Player.png */,
				ECC49A141F96F36800C1604E /* Projectile.png */,
				ECC49A151F96F36800C1604E /* Target.png */,
				ECC49A161F96F36800C1604E /* YouLose.png */,
				ECC49A171F96F36800C1604E /* YouWin.png */,
			);
			path = SGGResources;
			sourceTree = "<group>";
		};
/* End PBXGroup section */

/* Begin PBXNativeTarget section */
		ECA4BA2E1F90B2BB0016F559 /* SimpleGLKitGame */ = {
			isa = PBXNativeTarget;
			buildConfigurationList = ECA4BA451F90B2BB0016F559 /* Build configuration list for PBXNativeTarget "SimpleGLKitGame" */;
			buildPhases = (
				ECA4BA2B1F90B2BB0016F559 /* Sources */,
				ECA4BA2C1F90B2BB0016F559 /* Frameworks */,
				ECA4BA2D1F90B2BB0016F559 /* Resources */,
			);
			buildRules = (
			);
			dependencies = (
			);
			name = SimpleGLKitGame;
			productName = SimpleGLKitGame;
			productReference = ECA4BA2F1F90B2BB0016F559 /* SimpleGLKitGame.app */;
			productType = "com.apple.product-type.application";
		};
/* End PBXNativeTarget section */

/* Begin PBXProject section */
		ECA4BA271F90B2BB0016F559 /* Project object */ = {
			isa = PBXProject;
			attributes = {
				CLASSPREFIX = SGG;
				LastUpgradeCheck = 0900;
				ORGANIZATIONNAME = liang;
				TargetAttributes = {
					ECA4BA2E1F90B2BB0016F559 = {
						CreatedOnToolsVersion = 9.0;
						ProvisioningStyle = Automatic;
					};
				};
			};
			buildConfigurationList = ECA4BA2A1F90B2BB0016F559 /* Build configuration list for PBXProject "SimpleGLKitGame" */;
			compatibilityVersion = "Xcode 8.0";
			developmentRegion = en;
			hasScannedForEncodings = 0;
			knownRegions = (
				en,
				Base,
			);
			mainGroup = ECA4BA261F90B2BB0016F559;
			productRefGroup = ECA4BA301F90B2BB0016F559 /* Products */;
			projectDirPath = "";
			projectRoot = "";
			targets = (
				ECA4BA2E1F90B2BB0016F559 /* SimpleGLKitGame */,
			);
		};
/* End PBXProject section */

/* Begin PBXResourcesBuildPhase section */
		ECA4BA2D1F90B2BB0016F559 /* Resources */ = {
			isa = PBXResourcesBuildPhase;
			buildActionMask = 2147483647;
			files = (
				ECC49A181F96FE8500C1604E /* background-music-aac.caf in Resources */,
				ECA4BA3F1F90B2BB0016F559 /* LaunchScreen.storyboard in Resources */,
				ECC49A1E1F96FE9F00C1604E /* Projectile.png in Resources */,
				ECC49A1A1F96FE8C00C1604E /* Player.png in Resources */,
				ECA4BA3C1F90B2BB0016F559 /* Assets.xcassets in Resources */,
				ECC49A191F96FE8900C1604E /* pew-pew.wav in Resources */,
				ECC49A1D1F96FE9C00C1604E /* Target.png in Resources */,
				ECC49A1B1F96FE9700C1604E /* YouWin.png in Resources */,
				ECC49A1C1F96FE9A00C1604E /* YouLose.png in Resources */,
				ECA4BA3A1F90B2BB0016F559 /* Main.storyboard in Resources */,
			);
			runOnlyForDeploymentPostprocessing = 0;
		};
/* End PBXResourcesBuildPhase section */

/* Begin PBXSourcesBuildPhase section */
		ECA4BA2B1F90B2BB0016F559 /* Sources */ = {
			isa = PBXSourcesBuildPhase;
			buildActionMask = 2147483647;
			files = (
				ECA4BA541F90B8CC0016F559 /* SGGSprite.m in Sources */,
				ECA4BA371F90B2BB0016F559 /* ViewController.m in Sources */,
				ECA4BA421F90B2BB0016F559 /* main.m in Sources */,
				ECA4BA511F90B3A80016F559 /* SGGViewController.m in Sources */,
				ECA4BA341F90B2BB0016F559 /* AppDelegate.m in Sources */,
			);
			runOnlyForDeploymentPostprocessing = 0;
		};
/* End PBXSourcesBuildPhase section */

/* Begin PBXVariantGroup section */
		ECA4BA381F90B2BB0016F559 /* Main.storyboard */ = {
			isa = PBXVariantGroup;
			children = (
				ECA4BA391F90B2BB0016F559 /* Base */,
			);
			name = Main.storyboard;
			sourceTree = "<group>";
		};
		ECA4BA3D1F90B2BB0016F559 /* LaunchScreen.storyboard */ = {
			isa = PBXVariantGroup;
			children = (
				ECA4BA3E1F90B2BB0016F559 /* Base */,
			);
			name = LaunchScreen.storyboard;
			sourceTree = "<group>";
		};
/* End PBXVariantGroup section */

/* Begin XCBuildConfiguration section */
		ECA4BA431F90B2BB0016F559 /* Debug */ = {
			isa = XCBuildConfiguration;
			buildSettings = {
				ALWAYS_SEARCH_USER_PATHS = NO;
				CLANG_ANALYZER_NONNULL = YES;
				CLANG_ANALYZER_NUMBER_OBJECT_CONVERSION = YES_AGGRESSIVE;
				CLANG_CXX_LANGUAGE_STANDARD = "gnu++14";
				CLANG_CXX_LIBRARY = "libc++";
				CLANG_ENABLE_MODULES = YES;
				CLANG_ENABLE_OBJC_ARC = YES;
				CLANG_WARN_BLOCK_CAPTURE_AUTORELEASING = YES;
				CLANG_WARN_BOOL_CONVERSION = YES;
				CLANG_WARN_COMMA = YES;
				CLANG_WARN_CONSTANT_CONVERSION = YES;
				CLANG_WARN_DIRECT_OBJC_ISA_USAGE = YES_ERROR;
				CLANG_WARN_DOCUMENTATION_COMMENTS = YES;
				CLANG_WARN_EMPTY_BODY = YES;
				CLANG_WARN_ENUM_CONVERSION = YES;
				CLANG_WARN_INFINITE_RECURSION = YES;
				CLANG_WARN_INT_CONVERSION = YES;
				CLANG_WARN_NON_LITERAL_NULL_CONVERSION = YES;
				CLANG_WARN_OBJC_LITERAL_CONVERSION = YES;
				CLANG_WARN_OBJC_ROOT_CLASS = YES_ERROR;
				CLANG_WARN_RANGE_LOOP_ANALYSIS = YES;
				CLANG_WARN_STRICT_PROTOTYPES = YES;
				CLANG_WARN_SUSPICIOUS_MOVE = YES;
				CLANG_WARN_UNGUARDED_AVAILABILITY = YES_AGGRESSIVE;
				CLANG_WARN_UNREACHABLE_CODE = YES;
				CLANG_WARN__DUPLICATE_METHOD_MATCH = YES;
				CODE_SIGN_IDENTITY = "iPhone Developer";
				COPY_PHASE_STRIP = NO;
				DEBUG_INFORMATION_FORMAT = dwarf;
				ENABLE_STRICT_OBJC_MSGSEND = YES;
				ENABLE_TESTABILITY = YES;
				GCC_C_LANGUAGE_STANDARD = gnu11;
				GCC_DYNAMIC_NO_PIC = NO;
				GCC_NO_COMMON_BLOCKS = YES;
				GCC_OPTIMIZATION_LEVEL = 0;
				GCC_PREPROCESSOR_DEFINITIONS = (
					"DEBUG=1",
					"$(inherited)",
				);
				GCC_WARN_64_TO_32_BIT_CONVERSION = YES;
				GCC_WARN_ABOUT_RETURN_TYPE = YES_ERROR;
				GCC_WARN_UNDECLARED_SELECTOR = YES;
				GCC_WARN_UNINITIALIZED_AUTOS = YES_AGGRESSIVE;
				GCC_WARN_UNUSED_FUNCTION = YES;
				GCC_WARN_UNUSED_VARIABLE = YES;
				IPHONEOS_DEPLOYMENT_TARGET = 11.0;
				MTL_ENABLE_DEBUG_INFO = YES;
				ONLY_ACTIVE_ARCH = YES;
				SDKROOT = iphoneos;
			};
			name = Debug;
		};
		ECA4BA441F90B2BB0016F559 /* Release */ = {
			isa = XCBuildConfiguration;
			buildSettings = {
				ALWAYS_SEARCH_USER_PATHS = NO;
				CLANG_ANALYZER_NONNULL = YES;
				CLANG_ANALYZER_NUMBER_OBJECT_CONVERSION = YES_AGGRESSIVE;
				CLANG_CXX_LANGUAGE_STANDARD = "gnu++14";
				CLANG_CXX_LIBRARY = "libc++";
				CLANG_ENABLE_MODULES = YES;
				CLANG_ENABLE_OBJC_ARC = YES;
				CLANG_WARN_BLOCK_CAPTURE_AUTORELEASING = YES;
				CLANG_WARN_BOOL_CONVERSION = YES;
				CLANG_WARN_COMMA = YES;
				CLANG_WARN_CONSTANT_CONVERSION = YES;
				CLANG_WARN_DIRECT_OBJC_ISA_USAGE = YES_ERROR;
				CLANG_WARN_DOCUMENTATION_COMMENTS = YES;
				CLANG_WARN_EMPTY_BODY = YES;
				CLANG_WARN_ENUM_CONVERSION = YES;
				CLANG_WARN_INFINITE_RECURSION = YES;
				CLANG_WARN_INT_CONVERSION = YES;
				CLANG_WARN_NON_LITERAL_NULL_CONVERSION = YES;
				CLANG_WARN_OBJC_LITERAL_CONVERSION = YES;
				CLANG_WARN_OBJC_ROOT_CLASS = YES_ERROR;
				CLANG_WARN_RANGE_LOOP_ANALYSIS = YES;
				CLANG_WARN_STRICT_PROTOTYPES = YES;
				CLANG_WARN_SUSPICIOUS_MOVE = YES;
				CLANG_WARN_UNGUARDED_AVAILABILITY = YES_AGGRESSIVE;
				CLANG_WARN_UNREACHABLE_CODE = YES;
				CLANG_WARN__DUPLICATE_METHOD_MATCH = YES;
				CODE_SIGN_IDENTITY = "iPhone Developer";
				COPY_PHASE_STRIP = NO;
				DEBUG_INFORMATION_FORMAT = "dwarf-with-dsym";
				ENABLE_NS_ASSERTIONS = NO;
				ENABLE_STRICT_OBJC_MSGSEND = YES;
				GCC_C_LANGUAGE_STANDARD = gnu11;
				GCC_NO_COMMON_BLOCKS = YES;
				GCC_WARN_64_TO_32_BIT_CONVERSION = YES;
				GCC_WARN_ABOUT_RETURN_TYPE = YES_ERROR;
				GCC_WARN_UNDECLARED_SELECTOR = YES;
				GCC_WARN_UNINITIALIZED_AUTOS = YES_AGGRESSIVE;
				GCC_WARN_UNUSED_FUNCTION = YES;
				GCC_WARN_UNUSED_VARIABLE = YES;
				IPHONEOS_DEPLOYMENT_TARGET = 11.0;
				MTL_ENABLE_DEBUG_INFO = NO;
				SDKROOT = iphoneos;
				VALIDATE_PRODUCT = YES;
			};
			name = Release;
		};
		ECA4BA461F90B2BB0016F559 /* Debug */ = {
			isa = XCBuildConfiguration;
			buildSettings = {
				ASSETCATALOG_COMPILER_APPICON_NAME = AppIcon;
				CODE_SIGN_STYLE = Automatic;
				INFOPLIST_FILE = SimpleGLKitGame/Info.plist;
				LD_RUNPATH_SEARCH_PATHS = "$(inherited) @executable_path/Frameworks";
				PRODUCT_BUNDLE_IDENTIFIER = com.liang.SimpleGLKitGame;
				PRODUCT_NAME = "$(TARGET_NAME)";
				TARGETED_DEVICE_FAMILY = "1,2";
			};
			name = Debug;
		};
		ECA4BA471F90B2BB0016F559 /* Release */ = {
			isa = XCBuildConfiguration;
			buildSettings = {
				ASSETCATALOG_COMPILER_APPICON_NAME = AppIcon;
				CODE_SIGN_STYLE = Automatic;
				INFOPLIST_FILE = SimpleGLKitGame/Info.plist;
				LD_RUNPATH_SEARCH_PATHS = "$(inherited) @executable_path/Frameworks";
				PRODUCT_BUNDLE_IDENTIFIER = com.liang.SimpleGLKitGame;
				PRODUCT_NAME = "$(TARGET_NAME)";
				TARGETED_DEVICE_FAMILY = "1,2";
			};
			name = Release;
		};
/* End XCBuildConfiguration section */

/* Begin XCConfigurationList section */
		ECA4BA2A1F90B2BB0016F559 /* Build configuration list for PBXProject "SimpleGLKitGame" */ = {
			isa = XCConfigurationList;
			buildConfigurations = (
				ECA4BA431F90B2BB0016F559 /* Debug */,
				ECA4BA441F90B2BB0016F559 /* Release */,
			);
			defaultConfigurationIsVisible = 0;
			defaultConfigurationName = Release;
		};
		ECA4BA451F90B2BB0016F559 /* Build configuration list for PBXNativeTarget "SimpleGLKitGame" */ = {
			isa = XCConfigurationList;
			buildConfigurations = (
				ECA4BA461F90B2BB0016F559 /* Debug */,
				ECA4BA471F90B2BB0016F559 /* Release */,
			);
			defaultConfigurationIsVisible = 0;
			defaultConfigurationName = Release;
		};
/* End XCConfigurationList section */
	};
	rootObject = ECA4BA271F90B2BB0016F559 /* Project object */;
}
