// !$*UTF8*$!
{
	archiveVersion = 1;
	classes = {
	};
	objectVersion = 48;
	objects = {

/* Begin PBXBuildFile section */
		ECEF8A111FA95B7C00986D48 /* AppDelegate.m in Sources */ = {isa = PBXBuildFile; fileRef = ECEF8A101FA95B7C00986D48 /* AppDelegate.m */; };
		ECEF8A141FA95B7C00986D48 /* ViewController.m in Sources */ = {isa = PBXBuildFile; fileRef = ECEF8A131FA95B7C00986D48 /* ViewController.m */; };
		ECEF8A171FA95B7C00986D48 /* Main.storyboard in Resources */ = {isa = PBXBuildFile; fileRef = ECEF8A151FA95B7C00986D48 /* Main.storyboard */; };
		ECEF8A191FA95B7C00986D48 /* Assets.xcassets in Resources */ = {isa = PBXBuildFile; fileRef = ECEF8A181FA95B7C00986D48 /* Assets.xcassets */; };
		ECEF8A1C1FA95B7C00986D48 /* LaunchScreen.storyboard in Resources */ = {isa = PBXBuildFile; fileRef = ECEF8A1A1FA95B7C00986D48 /* LaunchScreen.storyboard */; };
		ECEF8A1F1FA95B7C00986D48 /* main.m in Sources */ = {isa = PBXBuildFile; fileRef = ECEF8A1E1FA95B7C00986D48 /* main.m */; };
		ECEF8A271FA95C9600986D48 /* LJTitleView.m in Sources */ = {isa = PBXBuildFile; fileRef = ECEF8A261FA95C9600986D48 /* LJTitleView.m */; };
		ECEF8A2A1FA95CA700986D48 /* LJPageView.m in Sources */ = {isa = PBXBuildFile; fileRef = ECEF8A291FA95CA700986D48 /* LJPageView.m */; };
		ECEF8A2D1FA95CBD00986D48 /* LJPageContentView.m in Sources */ = {isa = PBXBuildFile; fileRef = ECEF8A2C1FA95CBD00986D48 /* LJPageContentView.m */; };
		ECEF8A301FA96F9600986D48 /* LJTestController.m in Sources */ = {isa = PBXBuildFile; fileRef = ECEF8A2F1FA96F9600986D48 /* LJTestController.m */; };
		ECEF8A331FA9980600986D48 /* UIView+YYAdd.m in Sources */ = {isa = PBXBuildFile; fileRef = ECEF8A311FA9980600986D48 /* UIView+YYAdd.m */; };
/* End PBXBuildFile section */

/* Begin PBXFileReference section */
		ECEF8A0C1FA95B7C00986D48 /* LJPageView.app */ = {isa = PBXFileReference; explicitFileType = wrapper.application; includeInIndex = 0; path = LJPageView.app; sourceTree = BUILT_PRODUCTS_DIR; };
		ECEF8A0F1FA95B7C00986D48 /* AppDelegate.h */ = {isa = PBXFileReference; lastKnownFileType = sourcecode.c.h; path = AppDelegate.h; sourceTree = "<group>"; };
		ECEF8A101FA95B7C00986D48 /* AppDelegate.m */ = {isa = PBXFileReference; lastKnownFileType = sourcecode.c.objc; path = AppDelegate.m; sourceTree = "<group>"; };
		ECEF8A121FA95B7C00986D48 /* ViewController.h */ = {isa = PBXFileReference; lastKnownFileType = sourcecode.c.h; path = ViewController.h; sourceTree = "<group>"; };
		ECEF8A131FA95B7C00986D48 /* ViewController.m */ = {isa = PBXFileReference; lastKnownFileType = sourcecode.c.objc; path = ViewController.m; sourceTree = "<group>"; };
		ECEF8A161FA95B7C00986D48 /* Base */ = {isa = PBXFileReference; lastKnownFileType = file.storyboard; name = Base; path = Base.lproj/Main.storyboard; sourceTree = "<group>"; };
		ECEF8A181FA95B7C00986D48 /* Assets.xcassets */ = {isa = PBXFileReference; lastKnownFileType = folder.assetcatalog; path = Assets.xcassets; sourceTree = "<group>"; };
		ECEF8A1B1FA95B7C00986D48 /* Base */ = {isa = PBXFileReference; lastKnownFileType = file.storyboard; name = Base; path = Base.lproj/LaunchScreen.storyboard; sourceTree = "<group>"; };
		ECEF8A1D1FA95B7C00986D48 /* Info.plist */ = {isa = PBXFileReference; lastKnownFileType = text.plist.xml; path = Info.plist; sourceTree = "<group>"; };
		ECEF8A1E1FA95B7C00986D48 /* main.m */ = {isa = PBXFileReference; lastKnownFileType = sourcecode.c.objc; path = main.m; sourceTree = "<group>"; };
		ECEF8A251FA95C9600986D48 /* LJTitleView.h */ = {isa = PBXFileReference; lastKnownFileType = sourcecode.c.h; path = LJTitleView.h; sourceTree = "<group>"; };
		ECEF8A261FA95C9600986D48 /* LJTitleView.m */ = {isa = PBXFileReference; lastKnownFileType = sourcecode.c.objc; path = LJTitleView.m; sourceTree = "<group>"; };
		ECEF8A281FA95CA700986D48 /* LJPageView.h */ = {isa = PBXFileReference; lastKnownFileType = sourcecode.c.h; path = LJPageView.h; sourceTree = "<group>"; };
		ECEF8A291FA95CA700986D48 /* LJPageView.m */ = {isa = PBXFileReference; lastKnownFileType = sourcecode.c.objc; path = LJPageView.m; sourceTree = "<group>"; };
		ECEF8A2B1FA95CBD00986D48 /* LJPageContentView.h */ = {isa = PBXFileReference; lastKnownFileType = sourcecode.c.h; path = LJPageContentView.h; sourceTree = "<group>"; };
		ECEF8A2C1FA95CBD00986D48 /* LJPageContentView.m */ = {isa = PBXFileReference; lastKnownFileType = sourcecode.c.objc; path = LJPageContentView.m; sourceTree = "<group>"; };
		ECEF8A2E1FA96F9600986D48 /* LJTestController.h */ = {isa = PBXFileReference; lastKnownFileType = sourcecode.c.h; path = LJTestController.h; sourceTree = "<group>"; };
		ECEF8A2F1FA96F9600986D48 /* LJTestController.m */ = {isa = PBXFileReference; lastKnownFileType = sourcecode.c.objc; path = LJTestController.m; sourceTree = "<group>"; };
		ECEF8A311FA9980600986D48 /* UIView+YYAdd.m */ = {isa = PBXFileReference; fileEncoding = 4; lastKnownFileType = sourcecode.c.objc; path = "UIView+YYAdd.m"; sourceTree = "<group>"; };
		ECEF8A321FA9980600986D48 /* UIView+YYAdd.h */ = {isa = PBXFileReference; fileEncoding = 4; lastKnownFileType = sourcecode.c.h; path = "UIView+YYAdd.h"; sourceTree = "<group>"; };
/* End PBXFileReference section */

/* Begin PBXFrameworksBuildPhase section */
		ECEF8A091FA95B7C00986D48 /* Frameworks */ = {
			isa = PBXFrameworksBuildPhase;
			buildActionMask = 2147483647;
			files = (
			);
			runOnlyForDeploymentPostprocessing = 0;
		};
/* End PBXFrameworksBuildPhase section */

/* Begin PBXGroup section */
		ECEF8A031FA95B7C00986D48 = {
			isa = PBXGroup;
			children = (
				ECEF8A0E1FA95B7C00986D48 /* LJPageView */,
				ECEF8A0D1FA95B7C00986D48 /* Products */,
			);
			sourceTree = "<group>";
		};
		ECEF8A0D1FA95B7C00986D48 /* Products */ = {
			isa = PBXGroup;
			children = (
				ECEF8A0C1FA95B7C00986D48 /* LJPageView.app */,
			);
			name = Products;
			sourceTree = "<group>";
		};
		ECEF8A0E1FA95B7C00986D48 /* LJPageView */ = {
			isa = PBXGroup;
			children = (
				ECEF8A321FA9980600986D48 /* UIView+YYAdd.h */,
				ECEF8A311FA9980600986D48 /* UIView+YYAdd.m */,
				ECEF8A0F1FA95B7C00986D48 /* AppDelegate.h */,
				ECEF8A101FA95B7C00986D48 /* AppDelegate.m */,
				ECEF8A121FA95B7C00986D48 /* ViewController.h */,
				ECEF8A131FA95B7C00986D48 /* ViewController.m */,
				ECEF8A151FA95B7C00986D48 /* Main.storyboard */,
				ECEF8A181FA95B7C00986D48 /* Assets.xcassets */,
				ECEF8A1A1FA95B7C00986D48 /* LaunchScreen.storyboard */,
				ECEF8A1D1FA95B7C00986D48 /* Info.plist */,
				ECEF8A1E1FA95B7C00986D48 /* main.m */,
				ECEF8A281FA95CA700986D48 /* LJPageView.h */,
				ECEF8A291FA95CA700986D48 /* LJPageView.m */,
				ECEF8A251FA95C9600986D48 /* LJTitleView.h */,
				ECEF8A261FA95C9600986D48 /* LJTitleView.m */,
				ECEF8A2B1FA95CBD00986D48 /* LJPageContentView.h */,
				ECEF8A2C1FA95CBD00986D48 /* LJPageContentView.m */,
				ECEF8A2E1FA96F9600986D48 /* LJTestController.h */,
				ECEF8A2F1FA96F9600986D48 /* LJTestController.m */,
			);
			path = LJPageView;
			sourceTree = "<group>";
		};
/* End PBXGroup section */

/* Begin PBXNativeTarget section */
		ECEF8A0B1FA95B7C00986D48 /* LJPageView */ = {
			isa = PBXNativeTarget;
			buildConfigurationList = ECEF8A221FA95B7C00986D48 /* Build configuration list for PBXNativeTarget "LJPageView" */;
			buildPhases = (
				ECEF8A081FA95B7C00986D48 /* Sources */,
				ECEF8A091FA95B7C00986D48 /* Frameworks */,
				ECEF8A0A1FA95B7C00986D48 /* Resources */,
			);
			buildRules = (
			);
			dependencies = (
			);
			name = LJPageView;
			productName = LJPageView;
			productReference = ECEF8A0C1FA95B7C00986D48 /* LJPageView.app */;
			productType = "com.apple.product-type.application";
		};
/* End PBXNativeTarget section */

/* Begin PBXProject section */
		ECEF8A041FA95B7C00986D48 /* Project object */ = {
			isa = PBXProject;
			attributes = {
				LastUpgradeCheck = 0900;
				ORGANIZATIONNAME = liang;
				TargetAttributes = {
					ECEF8A0B1FA95B7C00986D48 = {
						CreatedOnToolsVersion = 9.0.1;
						ProvisioningStyle = Automatic;
					};
				};
			};
			buildConfigurationList = ECEF8A071FA95B7C00986D48 /* Build configuration list for PBXProject "LJPageView" */;
			compatibilityVersion = "Xcode 8.0";
			developmentRegion = en;
			hasScannedForEncodings = 0;
			knownRegions = (
				en,
				Base,
			);
			mainGroup = ECEF8A031FA95B7C00986D48;
			productRefGroup = ECEF8A0D1FA95B7C00986D48 /* Products */;
			projectDirPath = "";
			projectRoot = "";
			targets = (
				ECEF8A0B1FA95B7C00986D48 /* LJPageView */,
			);
		};
/* End PBXProject section */

/* Begin PBXResourcesBuildPhase section */
		ECEF8A0A1FA95B7C00986D48 /* Resources */ = {
			isa = PBXResourcesBuildPhase;
			buildActionMask = 2147483647;
			files = (
				ECEF8A1C1FA95B7C00986D48 /* LaunchScreen.storyboard in Resources */,
				ECEF8A191FA95B7C00986D48 /* Assets.xcassets in Resources */,
				ECEF8A171FA95B7C00986D48 /* Main.storyboard in Resources */,
			);
			runOnlyForDeploymentPostprocessing = 0;
		};
/* End PBXResourcesBuildPhase section */

/* Begin PBXSourcesBuildPhase section */
		ECEF8A081FA95B7C00986D48 /* Sources */ = {
			isa = PBXSourcesBuildPhase;
			buildActionMask = 2147483647;
			files = (
				ECEF8A331FA9980600986D48 /* UIView+YYAdd.m in Sources */,
				ECEF8A141FA95B7C00986D48 /* ViewController.m in Sources */,
				ECEF8A1F1FA95B7C00986D48 /* main.m in Sources */,
				ECEF8A111FA95B7C00986D48 /* AppDelegate.m in Sources */,
				ECEF8A301FA96F9600986D48 /* LJTestController.m in Sources */,
				ECEF8A2D1FA95CBD00986D48 /* LJPageContentView.m in Sources */,
				ECEF8A2A1FA95CA700986D48 /* LJPageView.m in Sources */,
				ECEF8A271FA95C9600986D48 /* LJTitleView.m in Sources */,
			);
			runOnlyForDeploymentPostprocessing = 0;
		};
/* End PBXSourcesBuildPhase section */

/* Begin PBXVariantGroup section */
		ECEF8A151FA95B7C00986D48 /* Main.storyboard */ = {
			isa = PBXVariantGroup;
			children = (
				ECEF8A161FA95B7C00986D48 /* Base */,
			);
			name = Main.storyboard;
			sourceTree = "<group>";
		};
		ECEF8A1A1FA95B7C00986D48 /* LaunchScreen.storyboard */ = {
			isa = PBXVariantGroup;
			children = (
				ECEF8A1B1FA95B7C00986D48 /* Base */,
			);
			name = LaunchScreen.storyboard;
			sourceTree = "<group>";
		};
/* End PBXVariantGroup section */

/* Begin XCBuildConfiguration section */
		ECEF8A201FA95B7C00986D48 /* Debug */ = {
			isa = XCBuildConfiguration;
			buildSettings = {
				ALWAYS_SEARCH_USER_PATHS = NO;
				CLANG_ANALYZER_NONNULL = YES;
				CLANG_ANALYZER_NUMBER_OBJECT_CONVERSION = YES_AGGRESSIVE;
				CLANG_CXX_LANGUAGE_STANDARD = "gnu++14";
				CLANG_CXX_LIBRARY = "libc++";
				CLANG_ENABLE_MODULES = YES;
				CLANG_ENABLE_OBJC_ARC = YES;
				CLANG_WARN_BLOCK_CAPTURE_AUTORELEASING = YES;
				CLANG_WARN_BOOL_CONVERSION = YES;
				CLANG_WARN_COMMA = YES;
				CLANG_WARN_CONSTANT_CONVERSION = YES;
				CLANG_WARN_DIRECT_OBJC_ISA_USAGE = YES_ERROR;
				CLANG_WARN_DOCUMENTATION_COMMENTS = YES;
				CLANG_WARN_EMPTY_BODY = YES;
				CLANG_WARN_ENUM_CONVERSION = YES;
				CLANG_WARN_INFINITE_RECURSION = YES;
				CLANG_WARN_INT_CONVERSION = YES;
				CLANG_WARN_NON_LITERAL_NULL_CONVERSION = YES;
				CLANG_WARN_OBJC_LITERAL_CONVERSION = YES;
				CLANG_WARN_OBJC_ROOT_CLASS = YES_ERROR;
				CLANG_WARN_RANGE_LOOP_ANALYSIS = YES;
				CLANG_WARN_STRICT_PROTOTYPES = YES;
				CLANG_WARN_SUSPICIOUS_MOVE = YES;
				CLANG_WARN_UNGUARDED_AVAILABILITY = YES_AGGRESSIVE;
				CLANG_WARN_UNREACHABLE_CODE = YES;
				CLANG_WARN__DUPLICATE_METHOD_MATCH = YES;
				CODE_SIGN_IDENTITY = "iPhone Developer";
				COPY_PHASE_STRIP = NO;
				DEBUG_INFORMATION_FORMAT = dwarf;
				ENABLE_STRICT_OBJC_MSGSEND = YES;
				ENABLE_TESTABILITY = YES;
				GCC_C_LANGUAGE_STANDARD = gnu11;
				GCC_DYNAMIC_NO_PIC = NO;
				GCC_NO_COMMON_BLOCKS = YES;
				GCC_OPTIMIZATION_LEVEL = 0;
				GCC_PREPROCESSOR_DEFINITIONS = (
					"DEBUG=1",
					"$(inherited)",
				);
				GCC_WARN_64_TO_32_BIT_CONVERSION = YES;
				GCC_WARN_ABOUT_RETURN_TYPE = YES_ERROR;
				GCC_WARN_UNDECLARED_SELECTOR = YES;
				GCC_WARN_UNINITIALIZED_AUTOS = YES_AGGRESSIVE;
				GCC_WARN_UNUSED_FUNCTION = YES;
				GCC_WARN_UNUSED_VARIABLE = YES;
				IPHONEOS_DEPLOYMENT_TARGET = 11.0;
				MTL_ENABLE_DEBUG_INFO = YES;
				ONLY_ACTIVE_ARCH = YES;
				SDKROOT = iphoneos;
			};
			name = Debug;
		};
		ECEF8A211FA95B7C00986D48 /* Release */ = {
			isa = XCBuildConfiguration;
			buildSettings = {
				ALWAYS_SEARCH_USER_PATHS = NO;
				CLANG_ANALYZER_NONNULL = YES;
				CLANG_ANALYZER_NUMBER_OBJECT_CONVERSION = YES_AGGRESSIVE;
				CLANG_CXX_LANGUAGE_STANDARD = "gnu++14";
				CLANG_CXX_LIBRARY = "libc++";
				CLANG_ENABLE_MODULES = YES;
				CLANG_ENABLE_OBJC_ARC = YES;
				CLANG_WARN_BLOCK_CAPTURE_AUTORELEASING = YES;
				CLANG_WARN_BOOL_CONVERSION = YES;
				CLANG_WARN_COMMA = YES;
				CLANG_WARN_CONSTANT_CONVERSION = YES;
				CLANG_WARN_DIRECT_OBJC_ISA_USAGE = YES_ERROR;
				CLANG_WARN_DOCUMENTATION_COMMENTS = YES;
				CLANG_WARN_EMPTY_BODY = YES;
				CLANG_WARN_ENUM_CONVERSION = YES;
				CLANG_WARN_INFINITE_RECURSION = YES;
				CLANG_WARN_INT_CONVERSION = YES;
				CLANG_WARN_NON_LITERAL_NULL_CONVERSION = YES;
				CLANG_WARN_OBJC_LITERAL_CONVERSION = YES;
				CLANG_WARN_OBJC_ROOT_CLASS = YES_ERROR;
				CLANG_WARN_RANGE_LOOP_ANALYSIS = YES;
				CLANG_WARN_STRICT_PROTOTYPES = YES;
				CLANG_WARN_SUSPICIOUS_MOVE = YES;
				CLANG_WARN_UNGUARDED_AVAILABILITY = YES_AGGRESSIVE;
				CLANG_WARN_UNREACHABLE_CODE = YES;
				CLANG_WARN__DUPLICATE_METHOD_MATCH = YES;
				CODE_SIGN_IDENTITY = "iPhone Developer";
				COPY_PHASE_STRIP = NO;
				DEBUG_INFORMATION_FORMAT = "dwarf-with-dsym";
				ENABLE_NS_ASSERTIONS = NO;
				ENABLE_STRICT_OBJC_MSGSEND = YES;
				GCC_C_LANGUAGE_STANDARD = gnu11;
				GCC_NO_COMMON_BLOCKS = YES;
				GCC_WARN_64_TO_32_BIT_CONVERSION = YES;
				GCC_WARN_ABOUT_RETURN_TYPE = YES_ERROR;
				GCC_WARN_UNDECLARED_SELECTOR = YES;
				GCC_WARN_UNINITIALIZED_AUTOS = YES_AGGRESSIVE;
				GCC_WARN_UNUSED_FUNCTION = YES;
				GCC_WARN_UNUSED_VARIABLE = YES;
				IPHONEOS_DEPLOYMENT_TARGET = 11.0;
				MTL_ENABLE_DEBUG_INFO = NO;
				SDKROOT = iphoneos;
				VALIDATE_PRODUCT = YES;
			};
			name = Release;
		};
		ECEF8A231FA95B7C00986D48 /* Debug */ = {
			isa = XCBuildConfiguration;
			buildSettings = {
				ASSETCATALOG_COMPILER_APPICON_NAME = AppIcon;
				CODE_SIGN_STYLE = Automatic;
				INFOPLIST_FILE = LJPageView/Info.plist;
				LD_RUNPATH_SEARCH_PATHS = "$(inherited) @executable_path/Frameworks";
				PRODUCT_BUNDLE_IDENTIFIER = com.liang.LJPageView;
				PRODUCT_NAME = "$(TARGET_NAME)";
				TARGETED_DEVICE_FAMILY = "1,2";
			};
			name = Debug;
		};
		ECEF8A241FA95B7C00986D48 /* Release */ = {
			isa = XCBuildConfiguration;
			buildSettings = {
				ASSETCATALOG_COMPILER_APPICON_NAME = AppIcon;
				CODE_SIGN_STYLE = Automatic;
				INFOPLIST_FILE = LJPageView/Info.plist;
				LD_RUNPATH_SEARCH_PATHS = "$(inherited) @executable_path/Frameworks";
				PRODUCT_BUNDLE_IDENTIFIER = com.liang.LJPageView;
				PRODUCT_NAME = "$(TARGET_NAME)";
				TARGETED_DEVICE_FAMILY = "1,2";
			};
			name = Release;
		};
/* End XCBuildConfiguration section */

/* Begin XCConfigurationList section */
		ECEF8A071FA95B7C00986D48 /* Build configuration list for PBXProject "LJPageView" */ = {
			isa = XCConfigurationList;
			buildConfigurations = (
				ECEF8A201FA95B7C00986D48 /* Debug */,
				ECEF8A211FA95B7C00986D48 /* Release */,
			);
			defaultConfigurationIsVisible = 0;
			defaultConfigurationName = Release;
		};
		ECEF8A221FA95B7C00986D48 /* Build configuration list for PBXNativeTarget "LJPageView" */ = {
			isa = XCConfigurationList;
			buildConfigurations = (
				ECEF8A231FA95B7C00986D48 /* Debug */,
				ECEF8A241FA95B7C00986D48 /* Release */,
			);
			defaultConfigurationIsVisible = 0;
			defaultConfigurationName = Release;
		};
/* End XCConfigurationList section */
	};
	rootObject = ECEF8A041FA95B7C00986D48 /* Project object */;
}
